
Microsoft Visual Studio Solution File, Format Version 12.00
# Visual Studio Version 17
VisualStudioVersion = 17.7.34024.191
MinimumVisualStudioVersion = 10.0.40219.1
Project("{FAE04EC0-301F-11D3-BF4B-00C04F79EFBC}") = "UserSearch", "UserSearch\UserSearch.csproj", "{39D28508-958D-48F6-96A6-24A773FDA9DF}"
EndProject
Project("{FAE04EC0-301F-11D3-BF4B-00C04F79EFBC}") = "UnitTests", "UnitTests\UnitTests.csproj", "{512B4F25-A752-4CAD-9DCF-1798CDA30063}"
EndProject
Global
	GlobalSection(SolutionConfigurationPlatforms) = preSolution
		Debug|Any CPU = Debug|Any CPU
		Release|Any CPU = Release|Any CPU
	EndGlobalSection
	GlobalSection(ProjectConfigurationPlatforms) = postSolution
		{39D28508-958D-48F6-96A6-24A773FDA9DF}.Debug|Any CPU.ActiveCfg = Debug|Any CPU
		{39D28508-958D-48F6-96A6-24A773FDA9DF}.Debug|Any CPU.Build.0 = Debug|Any CPU
		{39D28508-958D-48F6-96A6-24A773FDA9DF}.Release|Any CPU.ActiveCfg = Release|Any CPU
		{39D28508-958D-48F6-96A6-24A773FDA9DF}.Release|Any CPU.Build.0 = Release|Any CPU
		{512B4F25-A752-4CAD-9DCF-1798CDA30063}.Debug|Any CPU.ActiveCfg = Debug|Any CPU
		{512B4F25-A752-4CAD-9DCF-1798CDA30063}.Debug|Any CPU.Build.0 = Debug|Any CPU
		{512B4F25-A752-4CAD-9DCF-1798CDA30063}.Release|Any CPU.ActiveCfg = Release|Any CPU
		{512B4F25-A752-4CAD-9DCF-1798CDA30063}.Release|Any CPU.Build.0 = Release|Any CPU
	EndGlobalSection
	GlobalSection(SolutionProperties) = preSolution
		HideSolutionNode = FALSE
	EndGlobalSection
	GlobalSection(ExtensibilityGlobals) = postSolution
		SolutionGuid = {6983CD58-44F8-430F-89CF-063B9F7118BE}
	EndGlobalSection
EndGlobal
